
Microsoft Visual Studio Solution File, Format Version 12.00
# Visual Studio Version 16
VisualStudioVersion = 16.0.31829.152
MinimumVisualStudioVersion = 10.0.40219.1
Project("{FAE04EC0-301F-11D3-BF4B-00C04F79EFBC}") = "ExerciseWhile01", "ExerciseWhile01\ExerciseWhile01.csproj", "{172E480A-D81B-45BD-BDBC-D7EA39FB6758}"
EndProject
Global
	GlobalSection(SolutionConfigurationPlatforms) = preSolution
		Debug|Any CPU = Debug|Any CPU
		Release|Any CPU = Release|Any CPU
	EndGlobalSection
	GlobalSection(ProjectConfigurationPlatforms) = postSolution
		{172E480A-D81B-45BD-BDBC-D7EA39FB6758}.Debug|Any CPU.ActiveCfg = Debug|Any CPU
		{172E480A-D81B-45BD-BDBC-D7EA39FB6758}.Debug|Any CPU.Build.0 = Debug|Any CPU
		{172E480A-D81B-45BD-BDBC-D7EA39FB6758}.Release|Any CPU.ActiveCfg = Release|Any CPU
		{172E480A-D81B-45BD-BDBC-D7EA39FB6758}.Release|Any CPU.Build.0 = Release|Any CPU
	EndGlobalSection
	GlobalSection(SolutionProperties) = preSolution
		HideSolutionNode = FALSE
	EndGlobalSection
	GlobalSection(ExtensibilityGlobals) = postSolution
		SolutionGuid = {787129A9-D28A-4575-B9B5-44B2B2EFBCE8}
	EndGlobalSection
EndGlobal
